
Microsoft Visual Studio Solution File, Format Version 12.00
# Visual Studio Version 16
VisualStudioVersion = 16.0.31205.134
MinimumVisualStudioVersion = 10.0.40219.1
Project("{FAE04EC0-301F-11D3-BF4B-00C04F79EFBC}") = "ShopBridge", "ShopBridge.csproj", "{4EF163DA-BAE3-4A29-9819-F68AAE682767}"
EndProject
Global
	GlobalSection(SolutionConfigurationPlatforms) = preSolution
		Debug|Any CPU = Debug|Any CPU
		Release|Any CPU = Release|Any CPU
	EndGlobalSection
	GlobalSection(ProjectConfigurationPlatforms) = postSolution
		{4EF163DA-BAE3-4A29-9819-F68AAE682767}.Debug|Any CPU.ActiveCfg = Debug|Any CPU
		{4EF163DA-BAE3-4A29-9819-F68AAE682767}.Debug|Any CPU.Build.0 = Debug|Any CPU
		{4EF163DA-BAE3-4A29-9819-F68AAE682767}.Release|Any CPU.ActiveCfg = Release|Any CPU
		{4EF163DA-BAE3-4A29-9819-F68AAE682767}.Release|Any CPU.Build.0 = Release|Any CPU
	EndGlobalSection
	GlobalSection(SolutionProperties) = preSolution
		HideSolutionNode = FALSE
	EndGlobalSection
	GlobalSection(ExtensibilityGlobals) = postSolution
		SolutionGuid = {6A6E895A-A58B-4630-95B8-1C15267CC44C}
	EndGlobalSection
EndGlobal
